
Microsoft Visual Studio Solution File, Format Version 12.00
# Visual Studio Version 17
VisualStudioVersion = 17.1.32120.378
MinimumVisualStudioVersion = 10.0.40219.1
Project("{9A19103F-16F7-4668-BE54-9A1E7A4F7556}") = "Linq2022", "Linq2022\Linq2022.csproj", "{24074E79-54C0-4C78-A4C0-164BBA020BB6}"
EndProject
Project("{FAE04EC0-301F-11D3-BF4B-00C04F79EFBC}") = "Linq.Test", "Linq.Test\Linq.Test.csproj", "{B0E95C07-B36A-42D2-A1D8-305AD7D64187}"
EndProject
Global
	GlobalSection(SolutionConfigurationPlatforms) = preSolution
		Debug|Any CPU = Debug|Any CPU
		Release|Any CPU = Release|Any CPU
	EndGlobalSection
	GlobalSection(ProjectConfigurationPlatforms) = postSolution
		{24074E79-54C0-4C78-A4C0-164BBA020BB6}.Debug|Any CPU.ActiveCfg = Debug|Any CPU
		{24074E79-54C0-4C78-A4C0-164BBA020BB6}.Debug|Any CPU.Build.0 = Debug|Any CPU
		{24074E79-54C0-4C78-A4C0-164BBA020BB6}.Release|Any CPU.ActiveCfg = Release|Any CPU
		{24074E79-54C0-4C78-A4C0-164BBA020BB6}.Release|Any CPU.Build.0 = Release|Any CPU
		{B0E95C07-B36A-42D2-A1D8-305AD7D64187}.Debug|Any CPU.ActiveCfg = Debug|Any CPU
		{B0E95C07-B36A-42D2-A1D8-305AD7D64187}.Debug|Any CPU.Build.0 = Debug|Any CPU
		{B0E95C07-B36A-42D2-A1D8-305AD7D64187}.Release|Any CPU.ActiveCfg = Release|Any CPU
		{B0E95C07-B36A-42D2-A1D8-305AD7D64187}.Release|Any CPU.Build.0 = Release|Any CPU
	EndGlobalSection
	GlobalSection(SolutionProperties) = preSolution
		HideSolutionNode = FALSE
	EndGlobalSection
	GlobalSection(ExtensibilityGlobals) = postSolution
		SolutionGuid = {78F3D177-995A-453A-878C-A33479051451}
	EndGlobalSection
EndGlobal
